
Microsoft Visual Studio Solution File, Format Version 12.00
# Visual Studio Version 17
VisualStudioVersion = 17.8.34525.116
MinimumVisualStudioVersion = 10.0.40219.1
Project("{FAE04EC0-301F-11D3-BF4B-00C04F79EFBC}") = "Web", "Web\Web.csproj", "{237664BF-24B3-4E38-A538-94C27F75E2D7}"
EndProject
Global
	GlobalSection(SolutionConfigurationPlatforms) = preSolution
		Debug|Any CPU = Debug|Any CPU
		Release|Any CPU = Release|Any CPU
	EndGlobalSection
	GlobalSection(ProjectConfigurationPlatforms) = postSolution
		{237664BF-24B3-4E38-A538-94C27F75E2D7}.Debug|Any CPU.ActiveCfg = Debug|Any CPU
		{237664BF-24B3-4E38-A538-94C27F75E2D7}.Debug|Any CPU.Build.0 = Debug|Any CPU
		{237664BF-24B3-4E38-A538-94C27F75E2D7}.Release|Any CPU.ActiveCfg = Release|Any CPU
		{237664BF-24B3-4E38-A538-94C27F75E2D7}.Release|Any CPU.Build.0 = Release|Any CPU
	EndGlobalSection
	GlobalSection(SolutionProperties) = preSolution
		HideSolutionNode = FALSE
	EndGlobalSection
	GlobalSection(ExtensibilityGlobals) = postSolution
		SolutionGuid = {3CA6E63D-1AB6-420E-999E-24C3EAEB448D}
	EndGlobalSection
EndGlobal
